
Microsoft Visual Studio Solution File, Format Version 12.00
# Visual Studio Version 17
VisualStudioVersion = 17.14.36705.20 d17.14
MinimumVisualStudioVersion = 10.0.40219.1
Project("{FAE04EC0-301F-11D3-BF4B-00C04F79EFBC}") = "ApiCSharp", "ApiCSharp.csproj", "{DC992EE2-53FE-4AC1-8832-0AB51A0A07F9}"
EndProject
Global
	GlobalSection(SolutionConfigurationPlatforms) = preSolution
		Debug|Any CPU = Debug|Any CPU
		Release|Any CPU = Release|Any CPU
	EndGlobalSection
	GlobalSection(ProjectConfigurationPlatforms) = postSolution
		{DC992EE2-53FE-4AC1-8832-0AB51A0A07F9}.Debug|Any CPU.ActiveCfg = Debug|Any CPU
		{DC992EE2-53FE-4AC1-8832-0AB51A0A07F9}.Debug|Any CPU.Build.0 = Debug|Any CPU
		{DC992EE2-53FE-4AC1-8832-0AB51A0A07F9}.Release|Any CPU.ActiveCfg = Release|Any CPU
		{DC992EE2-53FE-4AC1-8832-0AB51A0A07F9}.Release|Any CPU.Build.0 = Release|Any CPU
	EndGlobalSection
	GlobalSection(SolutionProperties) = preSolution
		HideSolutionNode = FALSE
	EndGlobalSection
	GlobalSection(ExtensibilityGlobals) = postSolution
		SolutionGuid = {EF3F0E27-B503-47A4-AE79-AE7B3392E0AE}
	EndGlobalSection
EndGlobal
